
Microsoft Visual Studio Solution File, Format Version 12.00
# Visual Studio Version 17
VisualStudioVersion = 17.0.32112.339
MinimumVisualStudioVersion = 10.0.40219.1
Project("{FAE04EC0-301F-11D3-BF4B-00C04F79EFBC}") = "BillingService", "BillingService\BillingService.csproj", "{E6CA256C-33F6-431A-988A-7C6E3AF6800A}"
EndProject
Global
	GlobalSection(SolutionConfigurationPlatforms) = preSolution
		Debug|Any CPU = Debug|Any CPU
		Release|Any CPU = Release|Any CPU
	EndGlobalSection
	GlobalSection(ProjectConfigurationPlatforms) = postSolution
		{E6CA256C-33F6-431A-988A-7C6E3AF6800A}.Debug|Any CPU.ActiveCfg = Debug|Any CPU
		{E6CA256C-33F6-431A-988A-7C6E3AF6800A}.Debug|Any CPU.Build.0 = Debug|Any CPU
		{E6CA256C-33F6-431A-988A-7C6E3AF6800A}.Release|Any CPU.ActiveCfg = Release|Any CPU
		{E6CA256C-33F6-431A-988A-7C6E3AF6800A}.Release|Any CPU.Build.0 = Release|Any CPU
	EndGlobalSection
	GlobalSection(SolutionProperties) = preSolution
		HideSolutionNode = FALSE
	EndGlobalSection
	GlobalSection(ExtensibilityGlobals) = postSolution
		SolutionGuid = {426F362C-2932-4A3D-A811-CF6AB2803D54}
	EndGlobalSection
EndGlobal
